
Microsoft Visual Studio Solution File, Format Version 12.00
# Visual Studio Version 17
VisualStudioVersion = 17.0.31903.59
MinimumVisualStudioVersion = 10.0.40219.1
Project("{9A19103F-16F7-4668-BE54-9A1E7A4F7556}") = "LibcurlWrapper", "LibcurlWrapper\LibcurlWrapper.csproj", "{837C57BE-DA25-4823-85D8-760DFEAA9A03}"
EndProject
Project("{FAE04EC0-301F-11D3-BF4B-00C04F79EFBC}") = "Runner", "Runner\Runner.csproj", "{7A6F6E1E-B221-40F9-86FB-F3856DA16E05}"
EndProject
Global
	GlobalSection(SolutionConfigurationPlatforms) = preSolution
		Debug|Any CPU = Debug|Any CPU
		Release|Any CPU = Release|Any CPU
	EndGlobalSection
	GlobalSection(ProjectConfigurationPlatforms) = postSolution
		{837C57BE-DA25-4823-85D8-760DFEAA9A03}.Debug|Any CPU.ActiveCfg = Debug|Any CPU
		{837C57BE-DA25-4823-85D8-760DFEAA9A03}.Debug|Any CPU.Build.0 = Debug|Any CPU
		{837C57BE-DA25-4823-85D8-760DFEAA9A03}.Release|Any CPU.ActiveCfg = Release|Any CPU
		{837C57BE-DA25-4823-85D8-760DFEAA9A03}.Release|Any CPU.Build.0 = Release|Any CPU
		{7A6F6E1E-B221-40F9-86FB-F3856DA16E05}.Debug|Any CPU.ActiveCfg = Debug|Any CPU
		{7A6F6E1E-B221-40F9-86FB-F3856DA16E05}.Debug|Any CPU.Build.0 = Debug|Any CPU
		{7A6F6E1E-B221-40F9-86FB-F3856DA16E05}.Release|Any CPU.ActiveCfg = Release|Any CPU
		{7A6F6E1E-B221-40F9-86FB-F3856DA16E05}.Release|Any CPU.Build.0 = Release|Any CPU
	EndGlobalSection
	GlobalSection(SolutionProperties) = preSolution
		HideSolutionNode = FALSE
	EndGlobalSection
	GlobalSection(ExtensibilityGlobals) = postSolution
		SolutionGuid = {65DCC063-0D05-4404-A2A1-4711ACA655F4}
	EndGlobalSection
EndGlobal
